
Microsoft Visual Studio Solution File, Format Version 12.00
# Visual Studio Version 16
VisualStudioVersion = 16.0.30717.126
MinimumVisualStudioVersion = 10.0.40219.1
Project("{FAE04EC0-301F-11D3-BF4B-00C04F79EFBC}") = "MatchingGame", "MatchingGame\MatchingGame.csproj", "{50328D32-D050-4702-9619-75B276D7D271}"
EndProject
Global
	GlobalSection(SolutionConfigurationPlatforms) = preSolution
		Debug|Any CPU = Debug|Any CPU
		Release|Any CPU = Release|Any CPU
	EndGlobalSection
	GlobalSection(ProjectConfigurationPlatforms) = postSolution
		{50328D32-D050-4702-9619-75B276D7D271}.Debug|Any CPU.ActiveCfg = Debug|Any CPU
		{50328D32-D050-4702-9619-75B276D7D271}.Debug|Any CPU.Build.0 = Debug|Any CPU
		{50328D32-D050-4702-9619-75B276D7D271}.Release|Any CPU.ActiveCfg = Release|Any CPU
		{50328D32-D050-4702-9619-75B276D7D271}.Release|Any CPU.Build.0 = Release|Any CPU
	EndGlobalSection
	GlobalSection(SolutionProperties) = preSolution
		HideSolutionNode = FALSE
	EndGlobalSection
	GlobalSection(ExtensibilityGlobals) = postSolution
		SolutionGuid = {14E264EA-F291-4F1E-847C-EB1ED53A3E1D}
	EndGlobalSection
EndGlobal
